// !$*UTF8*$!
{
	archiveVersion = 1;
	classes = {
	};
	objectVersion = 77;
	objects = {

/* Begin PBXContainerItemProxy section */
		9098DCF62E02F562001FF767 /* PBXContainerItemProxy */ = {
			isa = PBXContainerItemProxy;
			containerPortal = 9098DCD92E02F55C001FF767 /* Project object */;
			proxyType = 1;
			remoteGlobalIDString = 9098DCE02E02F55C001FF767;
			remoteInfo = Hack2025Test;
		};
		9098DD002E02F562001FF767 /* PBXContainerItemProxy */ = {
			isa = PBXContainerItemProxy;
			containerPortal = 9098DCD92E02F55C001FF767 /* Project object */;
			proxyType = 1;
			remoteGlobalIDString = 9098DCE02E02F55C001FF767;
			remoteInfo = Hack2025Test;
		};
/* End PBXContainerItemProxy section */

/* Begin PBXFileReference section */
		9098DCE12E02F55C001FF767 /* Hack2025Test.app */ = {isa = PBXFileReference; explicitFileType = wrapper.application; includeInIndex = 0; path = Hack2025Test.app; sourceTree = BUILT_PRODUCTS_DIR; };
		9098DCF52E02F562001FF767 /* Hack2025TestTests.xctest */ = {isa = PBXFileReference; explicitFileType = wrapper.cfbundle; includeInIndex = 0; path = Hack2025TestTests.xctest; sourceTree = BUILT_PRODUCTS_DIR; };
		9098DCFF2E02F562001FF767 /* Hack2025TestUITests.xctest */ = {isa = PBXFileReference; explicitFileType = wrapper.cfbundle; includeInIndex = 0; path = Hack2025TestUITests.xctest; sourceTree = BUILT_PRODUCTS_DIR; };
/* End PBXFileReference section */

/* Begin PBXFileSystemSynchronizedBuildFileExceptionSet section */
		9098DD072E02F562001FF767 /* Exceptions for "Hack2025Test" folder in "Hack2025Test" target */ = {
			isa = PBXFileSystemSynchronizedBuildFileExceptionSet;
			membershipExceptions = (
				Info.plist,
			);
			target = 9098DCE02E02F55C001FF767 /* Hack2025Test */;
		};
/* End PBXFileSystemSynchronizedBuildFileExceptionSet section */

/* Begin PBXFileSystemSynchronizedRootGroup section */
		9098DCE32E02F55C001FF767 /* Hack2025Test */ = {
			isa = PBXFileSystemSynchronizedRootGroup;
			exceptions = (
				9098DD072E02F562001FF767 /* Exceptions for "Hack2025Test" folder in "Hack2025Test" target */,
			);
			path = Hack2025Test;
			sourceTree = "<group>";
		};
		9098DCF82E02F562001FF767 /* Hack2025TestTests */ = {
			isa = PBXFileSystemSynchronizedRootGroup;
			path = Hack2025TestTests;
			sourceTree = "<group>";
		};
		9098DD022E02F562001FF767 /* Hack2025TestUITests */ = {
			isa = PBXFileSystemSynchronizedRootGroup;
			path = Hack2025TestUITests;
			sourceTree = "<group>";
		};
/* End PBXFileSystemSynchronizedRootGroup section */

/* Begin PBXFrameworksBuildPhase section */
		9098DCDE2E02F55C001FF767 /* Frameworks */ = {
			isa = PBXFrameworksBuildPhase;
			buildActionMask = 2147483647;
			files = (
			);
			runOnlyForDeploymentPostprocessing = 0;
		};
		9098DCF22E02F562001FF767 /* Frameworks */ = {
			isa = PBXFrameworksBuildPhase;
			buildActionMask = 2147483647;
			files = (
			);
			runOnlyForDeploymentPostprocessing = 0;
		};
		9098DCFC2E02F562001FF767 /* Frameworks */ = {
			isa = PBXFrameworksBuildPhase;
			buildActionMask = 2147483647;
			files = (
			);
			runOnlyForDeploymentPostprocessing = 0;
		};
/* End PBXFrameworksBuildPhase section */

/* Begin PBXGroup section */
		9098DCD82E02F55C001FF767 = {
			isa = PBXGroup;
			children = (
				9098DCE32E02F55C001FF767 /* Hack2025Test */,
				9098DCF82E02F562001FF767 /* Hack2025TestTests */,
				9098DD022E02F562001FF767 /* Hack2025TestUITests */,
				9098DCE22E02F55C001FF767 /* Products */,
			);
			sourceTree = "<group>";
		};
		9098DCE22E02F55C001FF767 /* Products */ = {
			isa = PBXGroup;
			children = (
				9098DCE12E02F55C001FF767 /* Hack2025Test.app */,
				9098DCF52E02F562001FF767 /* Hack2025TestTests.xctest */,
				9098DCFF2E02F562001FF767 /* Hack2025TestUITests.xctest */,
			);
			name = Products;
			sourceTree = "<group>";
		};
/* End PBXGroup section */

/* Begin PBXNativeTarget section */
		9098DCE02E02F55C001FF767 /* Hack2025Test */ = {
			isa = PBXNativeTarget;
			buildConfigurationList = 9098DD082E02F562001FF767 /* Build configuration list for PBXNativeTarget "Hack2025Test" */;
			buildPhases = (
				9098DCDD2E02F55C001FF767 /* Sources */,
				9098DCDE2E02F55C001FF767 /* Frameworks */,
				9098DCDF2E02F55C001FF767 /* Resources */,
			);
			buildRules = (
			);
			dependencies = (
			);
			fileSystemSynchronizedGroups = (
				9098DCE32E02F55C001FF767 /* Hack2025Test */,
			);
			name = Hack2025Test;
			packageProductDependencies = (
			);
			productName = Hack2025Test;
			productReference = 9098DCE12E02F55C001FF767 /* Hack2025Test.app */;
			productType = "com.apple.product-type.application";
		};
		9098DCF42E02F562001FF767 /* Hack2025TestTests */ = {
			isa = PBXNativeTarget;
			buildConfigurationList = 9098DD0D2E02F562001FF767 /* Build configuration list for PBXNativeTarget "Hack2025TestTests" */;
			buildPhases = (
				9098DCF12E02F562001FF767 /* Sources */,
				9098DCF22E02F562001FF767 /* Frameworks */,
				9098DCF32E02F562001FF767 /* Resources */,
			);
			buildRules = (
			);
			dependencies = (
				9098DCF72E02F562001FF767 /* PBXTargetDependency */,
			);
			fileSystemSynchronizedGroups = (
				9098DCF82E02F562001FF767 /* Hack2025TestTests */,
			);
			name = Hack2025TestTests;
			packageProductDependencies = (
			);
			productName = Hack2025TestTests;
			productReference = 9098DCF52E02F562001FF767 /* Hack2025TestTests.xctest */;
			productType = "com.apple.product-type.bundle.unit-test";
		};
		9098DCFE2E02F562001FF767 /* Hack2025TestUITests */ = {
			isa = PBXNativeTarget;
			buildConfigurationList = 9098DD102E02F562001FF767 /* Build configuration list for PBXNativeTarget "Hack2025TestUITests" */;
			buildPhases = (
				9098DCFB2E02F562001FF767 /* Sources */,
				9098DCFC2E02F562001FF767 /* Frameworks */,
				9098DCFD2E02F562001FF767 /* Resources */,
			);
			buildRules = (
			);
			dependencies = (
				9098DD012E02F562001FF767 /* PBXTargetDependency */,
			);
			fileSystemSynchronizedGroups = (
				9098DD022E02F562001FF767 /* Hack2025TestUITests */,
			);
			name = Hack2025TestUITests;
			packageProductDependencies = (
			);
			productName = Hack2025TestUITests;
			productReference = 9098DCFF2E02F562001FF767 /* Hack2025TestUITests.xctest */;
			productType = "com.apple.product-type.bundle.ui-testing";
		};
/* End PBXNativeTarget section */

/* Begin PBXProject section */
		9098DCD92E02F55C001FF767 /* Project object */ = {
			isa = PBXProject;
			attributes = {
				BuildIndependentTargetsInParallel = 1;
				LastSwiftUpdateCheck = 1620;
				LastUpgradeCheck = 1620;
				TargetAttributes = {
					9098DCE02E02F55C001FF767 = {
						CreatedOnToolsVersion = 16.2;
					};
					9098DCF42E02F562001FF767 = {
						CreatedOnToolsVersion = 16.2;
						TestTargetID = 9098DCE02E02F55C001FF767;
					};
					9098DCFE2E02F562001FF767 = {
						CreatedOnToolsVersion = 16.2;
						TestTargetID = 9098DCE02E02F55C001FF767;
					};
				};
			};
			buildConfigurationList = 9098DCDC2E02F55C001FF767 /* Build configuration list for PBXProject "Hack2025Test" */;
			developmentRegion = en;
			hasScannedForEncodings = 0;
			knownRegions = (
				en,
				Base,
			);
			mainGroup = 9098DCD82E02F55C001FF767;
			minimizedProjectReferenceProxies = 1;
			preferredProjectObjectVersion = 77;
			productRefGroup = 9098DCE22E02F55C001FF767 /* Products */;
			projectDirPath = "";
			projectRoot = "";
			targets = (
				9098DCE02E02F55C001FF767 /* Hack2025Test */,
				9098DCF42E02F562001FF767 /* Hack2025TestTests */,
				9098DCFE2E02F562001FF767 /* Hack2025TestUITests */,
			);
		};
/* End PBXProject section */

/* Begin PBXResourcesBuildPhase section */
		9098DCDF2E02F55C001FF767 /* Resources */ = {
			isa = PBXResourcesBuildPhase;
			buildActionMask = 2147483647;
			files = (
			);
			runOnlyForDeploymentPostprocessing = 0;
		};
		9098DCF32E02F562001FF767 /* Resources */ = {
			isa = PBXResourcesBuildPhase;
			buildActionMask = 2147483647;
			files = (
			);
			runOnlyForDeploymentPostprocessing = 0;
		};
		9098DCFD2E02F562001FF767 /* Resources */ = {
			isa = PBXResourcesBuildPhase;
			buildActionMask = 2147483647;
			files = (
			);
			runOnlyForDeploymentPostprocessing = 0;
		};
/* End PBXResourcesBuildPhase section */

/* Begin PBXSourcesBuildPhase section */
		9098DCDD2E02F55C001FF767 /* Sources */ = {
			isa = PBXSourcesBuildPhase;
			buildActionMask = 2147483647;
			files = (
			);
			runOnlyForDeploymentPostprocessing = 0;
		};
		9098DCF12E02F562001FF767 /* Sources */ = {
			isa = PBXSourcesBuildPhase;
			buildActionMask = 2147483647;
			files = (
			);
			runOnlyForDeploymentPostprocessing = 0;
		};
		9098DCFB2E02F562001FF767 /* Sources */ = {
			isa = PBXSourcesBuildPhase;
			buildActionMask = 2147483647;
			files = (
			);
			runOnlyForDeploymentPostprocessing = 0;
		};
/* End PBXSourcesBuildPhase section */

/* Begin PBXTargetDependency section */
		9098DCF72E02F562001FF767 /* PBXTargetDependency */ = {
			isa = PBXTargetDependency;
			target = 9098DCE02E02F55C001FF767 /* Hack2025Test */;
			targetProxy = 9098DCF62E02F562001FF767 /* PBXContainerItemProxy */;
		};
		9098DD012E02F562001FF767 /* PBXTargetDependency */ = {
			isa = PBXTargetDependency;
			target = 9098DCE02E02F55C001FF767 /* Hack2025Test */;
			targetProxy = 9098DD002E02F562001FF767 /* PBXContainerItemProxy */;
		};
/* End PBXTargetDependency section */

/* Begin XCBuildConfiguration section */
		9098DD092E02F562001FF767 /* Debug */ = {
			isa = XCBuildConfiguration;
			buildSettings = {
				ASSETCATALOG_COMPILER_APPICON_NAME = AppIcon;
				ASSETCATALOG_COMPILER_GLOBAL_ACCENT_COLOR_NAME = AccentColor;
				CODE_SIGN_ENTITLEMENTS = Hack2025Test/Hack2025Test.entitlements;
				CODE_SIGN_STYLE = Automatic;
				CURRENT_PROJECT_VERSION = 1;
				DEVELOPMENT_ASSET_PATHS = "\"Hack2025Test/Preview Content\"";
				DEVELOPMENT_TEAM = VA9GM7BHZB;
				ENABLE_PREVIEWS = YES;
				GENERATE_INFOPLIST_FILE = YES;
				INFOPLIST_FILE = Hack2025Test/Info.plist;
				INFOPLIST_KEY_UIApplicationSceneManifest_Generation = YES;
				INFOPLIST_KEY_UIApplicationSupportsIndirectInputEvents = YES;
				INFOPLIST_KEY_UILaunchScreen_Generation = YES;
				INFOPLIST_KEY_UISupportedInterfaceOrientations_iPad = "UIInterfaceOrientationPortrait UIInterfaceOrientationPortraitUpsideDown UIInterfaceOrientationLandscapeLeft UIInterfaceOrientationLandscapeRight";
				INFOPLIST_KEY_UISupportedInterfaceOrientations_iPhone = "UIInterfaceOrientationPortrait UIInterfaceOrientationLandscapeLeft UIInterfaceOrientationLandscapeRight";
				LD_RUNPATH_SEARCH_PATHS = (
					"$(inherited)",
					"@executable_path/Frameworks",
				);
				MARKETING_VERSION = 1.0;
				PRODUCT_BUNDLE_IDENTIFIER = com.knkknicr.Hack2025Test;
				PRODUCT_NAME = "$(TARGET_NAME)";
				SWIFT_EMIT_LOC_STRINGS = YES;
				SWIFT_VERSION = 5.0;
				TARGETED_DEVICE_FAMILY = "1,2";
			};
			name = Debug;
		};
		9098DD0A2E02F562001FF767 /* Release */ = {
			isa = XCBuildConfiguration;
			buildSettings = {
				ASSETCATALOG_COMPILER_APPICON_NAME = AppIcon;
				ASSETCATALOG_COMPILER_GLOBAL_ACCENT_COLOR_NAME = AccentColor;
				CODE_SIGN_ENTITLEMENTS = Hack2025Test/Hack2025Test.entitlements;
				CODE_SIGN_STYLE = Automatic;
				CURRENT_PROJECT_VERSION = 1;
				DEVELOPMENT_ASSET_PATHS = "\"Hack2025Test/Preview Content\"";
				DEVELOPMENT_TEAM = VA9GM7BHZB;
				ENABLE_PREVIEWS = YES;
				GENERATE_INFOPLIST_FILE = YES;
				INFOPLIST_FILE = Hack2025Test/Info.plist;
				INFOPLIST_KEY_UIApplicationSceneManifest_Generation = YES;
				INFOPLIST_KEY_UIApplicationSupportsIndirectInputEvents = YES;
				INFOPLIST_KEY_UILaunchScreen_Generation = YES;
				INFOPLIST_KEY_UISupportedInterfaceOrientations_iPad = "UIInterfaceOrientationPortrait UIInterfaceOrientationPortraitUpsideDown UIInterfaceOrientationLandscapeLeft UIInterfaceOrientationLandscapeRight";
				INFOPLIST_KEY_UISupportedInterfaceOrientations_iPhone = "UIInterfaceOrientationPortrait UIInterfaceOrientationLandscapeLeft UIInterfaceOrientationLandscapeRight";
				LD_RUNPATH_SEARCH_PATHS = (
					"$(inherited)",
					"@executable_path/Frameworks",
				);
				MARKETING_VERSION = 1.0;
				PRODUCT_BUNDLE_IDENTIFIER = com.knkknicr.Hack2025Test;
				PRODUCT_NAME = "$(TARGET_NAME)";
				SWIFT_EMIT_LOC_STRINGS = YES;
				SWIFT_VERSION = 5.0;
				TARGETED_DEVICE_FAMILY = "1,2";
			};
			name = Release;
		};
		9098DD0B2E02F562001FF767 /* Debug */ = {
			isa = XCBuildConfiguration;
			buildSettings = {
				ALWAYS_SEARCH_USER_PATHS = NO;
				ASSETCATALOG_COMPILER_GENERATE_SWIFT_ASSET_SYMBOL_EXTENSIONS = YES;
				CLANG_ANALYZER_NONNULL = YES;
				CLANG_ANALYZER_NUMBER_OBJECT_CONVERSION = YES_AGGRESSIVE;
				CLANG_CXX_LANGUAGE_STANDARD = "gnu++20";
				CLANG_ENABLE_MODULES = YES;
				CLANG_ENABLE_OBJC_ARC = YES;
				CLANG_ENABLE_OBJC_WEAK = YES;
				CLANG_WARN_BLOCK_CAPTURE_AUTORELEASING = YES;
				CLANG_WARN_BOOL_CONVERSION = YES;
				CLANG_WARN_COMMA = YES;
				CLANG_WARN_CONSTANT_CONVERSION = YES;
				CLANG_WARN_DEPRECATED_OBJC_IMPLEMENTATIONS = YES;
				CLANG_WARN_DIRECT_OBJC_ISA_USAGE = YES_ERROR;
				CLANG_WARN_DOCUMENTATION_COMMENTS = YES;
				CLANG_WARN_EMPTY_BODY = YES;
				CLANG_WARN_ENUM_CONVERSION = YES;
				CLANG_WARN_INFINITE_RECURSION = YES;
				CLANG_WARN_INT_CONVERSION = YES;
				CLANG_WARN_NON_LITERAL_NULL_CONVERSION = YES;
				CLANG_WARN_OBJC_IMPLICIT_RETAIN_SELF = YES;
				CLANG_WARN_OBJC_LITERAL_CONVERSION = YES;
				CLANG_WARN_OBJC_ROOT_CLASS = YES_ERROR;
				CLANG_WARN_QUOTED_INCLUDE_IN_FRAMEWORK_HEADER = YES;
				CLANG_WARN_RANGE_LOOP_ANALYSIS = YES;
				CLANG_WARN_STRICT_PROTOTYPES = YES;
				CLANG_WARN_SUSPICIOUS_MOVE = YES;
				CLANG_WARN_UNGUARDED_AVAILABILITY = YES_AGGRESSIVE;
				CLANG_WARN_UNREACHABLE_CODE = YES;
				CLANG_WARN__DUPLICATE_METHOD_MATCH = YES;
				COPY_PHASE_STRIP = NO;
				DEBUG_INFORMATION_FORMAT = dwarf;
				ENABLE_STRICT_OBJC_MSGSEND = YES;
				ENABLE_TESTABILITY = YES;
				ENABLE_USER_SCRIPT_SANDBOXING = YES;
				GCC_C_LANGUAGE_STANDARD = gnu17;
				GCC_DYNAMIC_NO_PIC = NO;
				GCC_NO_COMMON_BLOCKS = YES;
				GCC_OPTIMIZATION_LEVEL = 0;
				GCC_PREPROCESSOR_DEFINITIONS = (
					"DEBUG=1",
					"$(inherited)",
				);
				GCC_WARN_64_TO_32_BIT_CONVERSION = YES;
				GCC_WARN_ABOUT_RETURN_TYPE = YES_ERROR;
				GCC_WARN_UNDECLARED_SELECTOR = YES;
				GCC_WARN_UNINITIALIZED_AUTOS = YES_AGGRESSIVE;
				GCC_WARN_UNUSED_FUNCTION = YES;
				GCC_WARN_UNUSED_VARIABLE = YES;
				IPHONEOS_DEPLOYMENT_TARGET = 18.2;
				LOCALIZATION_PREFERS_STRING_CATALOGS = YES;
				MTL_ENABLE_DEBUG_INFO = INCLUDE_SOURCE;
				MTL_FAST_MATH = YES;
				ONLY_ACTIVE_ARCH = YES;
				SDKROOT = iphoneos;
				SWIFT_ACTIVE_COMPILATION_CONDITIONS = "DEBUG $(inherited)";
				SWIFT_OPTIMIZATION_LEVEL = "-Onone";
			};
			name = Debug;
		};
		9098DD0C2E02F562001FF767 /* Release */ = {
			isa = XCBuildConfiguration;
			buildSettings = {
				ALWAYS_SEARCH_USER_PATHS = NO;
				ASSETCATALOG_COMPILER_GENERATE_SWIFT_ASSET_SYMBOL_EXTENSIONS = YES;
				CLANG_ANALYZER_NONNULL = YES;
				CLANG_ANALYZER_NUMBER_OBJECT_CONVERSION = YES_AGGRESSIVE;
				CLANG_CXX_LANGUAGE_STANDARD = "gnu++20";
				CLANG_ENABLE_MODULES = YES;
				CLANG_ENABLE_OBJC_ARC = YES;
				CLANG_ENABLE_OBJC_WEAK = YES;
				CLANG_WARN_BLOCK_CAPTURE_AUTORELEASING = YES;
				CLANG_WARN_BOOL_CONVERSION = YES;
				CLANG_WARN_COMMA = YES;
				CLANG_WARN_CONSTANT_CONVERSION = YES;
				CLANG_WARN_DEPRECATED_OBJC_IMPLEMENTATIONS = YES;
				CLANG_WARN_DIRECT_OBJC_ISA_USAGE = YES_ERROR;
				CLANG_WARN_DOCUMENTATION_COMMENTS = YES;
				CLANG_WARN_EMPTY_BODY = YES;
				CLANG_WARN_ENUM_CONVERSION = YES;
				CLANG_WARN_INFINITE_RECURSION = YES;
				CLANG_WARN_INT_CONVERSION = YES;
				CLANG_WARN_NON_LITERAL_NULL_CONVERSION = YES;
				CLANG_WARN_OBJC_IMPLICIT_RETAIN_SELF = YES;
				CLANG_WARN_OBJC_LITERAL_CONVERSION = YES;
				CLANG_WARN_OBJC_ROOT_CLASS = YES_ERROR;
				CLANG_WARN_QUOTED_INCLUDE_IN_FRAMEWORK_HEADER = YES;
				CLANG_WARN_RANGE_LOOP_ANALYSIS = YES;
				CLANG_WARN_STRICT_PROTOTYPES = YES;
				CLANG_WARN_SUSPICIOUS_MOVE = YES;
				CLANG_WARN_UNGUARDED_AVAILABILITY = YES_AGGRESSIVE;
				CLANG_WARN_UNREACHABLE_CODE = YES;
				CLANG_WARN__DUPLICATE_METHOD_MATCH = YES;
				COPY_PHASE_STRIP = NO;
				DEBUG_INFORMATION_FORMAT = "dwarf-with-dsym";
				ENABLE_NS_ASSERTIONS = NO;
				ENABLE_STRICT_OBJC_MSGSEND = YES;
				ENABLE_USER_SCRIPT_SANDBOXING = YES;
				GCC_C_LANGUAGE_STANDARD = gnu17;
				GCC_NO_COMMON_BLOCKS = YES;
				GCC_WARN_64_TO_32_BIT_CONVERSION = YES;
				GCC_WARN_ABOUT_RETURN_TYPE = YES_ERROR;
				GCC_WARN_UNDECLARED_SELECTOR = YES;
				GCC_WARN_UNINITIALIZED_AUTOS = YES_AGGRESSIVE;
				GCC_WARN_UNUSED_FUNCTION = YES;
				GCC_WARN_UNUSED_VARIABLE = YES;
				IPHONEOS_DEPLOYMENT_TARGET = 18.2;
				LOCALIZATION_PREFERS_STRING_CATALOGS = YES;
				MTL_ENABLE_DEBUG_INFO = NO;
				MTL_FAST_MATH = YES;
				SDKROOT = iphoneos;
				SWIFT_COMPILATION_MODE = wholemodule;
				VALIDATE_PRODUCT = YES;
			};
			name = Release;
		};
		9098DD0E2E02F562001FF767 /* Debug */ = {
			isa = XCBuildConfiguration;
			buildSettings = {
				BUNDLE_LOADER = "$(TEST_HOST)";
				CODE_SIGN_STYLE = Automatic;
				CURRENT_PROJECT_VERSION = 1;
				DEVELOPMENT_TEAM = VA9GM7BHZB;
				GENERATE_INFOPLIST_FILE = YES;
				IPHONEOS_DEPLOYMENT_TARGET = 18.2;
				MARKETING_VERSION = 1.0;
				PRODUCT_BUNDLE_IDENTIFIER = com.knkknicr.Hack2025TestTests;
				PRODUCT_NAME = "$(TARGET_NAME)";
				SWIFT_EMIT_LOC_STRINGS = NO;
				SWIFT_VERSION = 5.0;
				TARGETED_DEVICE_FAMILY = "1,2";
				TEST_HOST = "$(BUILT_PRODUCTS_DIR)/Hack2025Test.app/$(BUNDLE_EXECUTABLE_FOLDER_PATH)/Hack2025Test";
			};
			name = Debug;
		};
		9098DD0F2E02F562001FF767 /* Release */ = {
			isa = XCBuildConfiguration;
			buildSettings = {
				BUNDLE_LOADER = "$(TEST_HOST)";
				CODE_SIGN_STYLE = Automatic;
				CURRENT_PROJECT_VERSION = 1;
				DEVELOPMENT_TEAM = VA9GM7BHZB;
				GENERATE_INFOPLIST_FILE = YES;
				IPHONEOS_DEPLOYMENT_TARGET = 18.2;
				MARKETING_VERSION = 1.0;
				PRODUCT_BUNDLE_IDENTIFIER = com.knkknicr.Hack2025TestTests;
				PRODUCT_NAME = "$(TARGET_NAME)";
				SWIFT_EMIT_LOC_STRINGS = NO;
				SWIFT_VERSION = 5.0;
				TARGETED_DEVICE_FAMILY = "1,2";
				TEST_HOST = "$(BUILT_PRODUCTS_DIR)/Hack2025Test.app/$(BUNDLE_EXECUTABLE_FOLDER_PATH)/Hack2025Test";
			};
			name = Release;
		};
		9098DD112E02F562001FF767 /* Debug */ = {
			isa = XCBuildConfiguration;
			buildSettings = {
				CODE_SIGN_STYLE = Automatic;
				CURRENT_PROJECT_VERSION = 1;
				DEVELOPMENT_TEAM = VA9GM7BHZB;
				GENERATE_INFOPLIST_FILE = YES;
				MARKETING_VERSION = 1.0;
				PRODUCT_BUNDLE_IDENTIFIER = com.knkknicr.Hack2025TestUITests;
				PRODUCT_NAME = "$(TARGET_NAME)";
				SWIFT_EMIT_LOC_STRINGS = NO;
				SWIFT_VERSION = 5.0;
				TARGETED_DEVICE_FAMILY = "1,2";
				TEST_TARGET_NAME = Hack2025Test;
			};
			name = Debug;
		};
		9098DD122E02F562001FF767 /* Release */ = {
			isa = XCBuildConfiguration;
			buildSettings = {
				CODE_SIGN_STYLE = Automatic;
				CURRENT_PROJECT_VERSION = 1;
				DEVELOPMENT_TEAM = VA9GM7BHZB;
				GENERATE_INFOPLIST_FILE = YES;
				MARKETING_VERSION = 1.0;
				PRODUCT_BUNDLE_IDENTIFIER = com.knkknicr.Hack2025TestUITests;
				PRODUCT_NAME = "$(TARGET_NAME)";
				SWIFT_EMIT_LOC_STRINGS = NO;
				SWIFT_VERSION = 5.0;
				TARGETED_DEVICE_FAMILY = "1,2";
				TEST_TARGET_NAME = Hack2025Test;
			};
			name = Release;
		};
/* End XCBuildConfiguration section */

/* Begin XCConfigurationList section */
		9098DCDC2E02F55C001FF767 /* Build configuration list for PBXProject "Hack2025Test" */ = {
			isa = XCConfigurationList;
			buildConfigurations = (
				9098DD0B2E02F562001FF767 /* Debug */,
				9098DD0C2E02F562001FF767 /* Release */,
			);
			defaultConfigurationIsVisible = 0;
			defaultConfigurationName = Release;
		};
		9098DD082E02F562001FF767 /* Build configuration list for PBXNativeTarget "Hack2025Test" */ = {
			isa = XCConfigurationList;
			buildConfigurations = (
				9098DD092E02F562001FF767 /* Debug */,
				9098DD0A2E02F562001FF767 /* Release */,
			);
			defaultConfigurationIsVisible = 0;
			defaultConfigurationName = Release;
		};
		9098DD0D2E02F562001FF767 /* Build configuration list for PBXNativeTarget "Hack2025TestTests" */ = {
			isa = XCConfigurationList;
			buildConfigurations = (
				9098DD0E2E02F562001FF767 /* Debug */,
				9098DD0F2E02F562001FF767 /* Release */,
			);
			defaultConfigurationIsVisible = 0;
			defaultConfigurationName = Release;
		};
		9098DD102E02F562001FF767 /* Build configuration list for PBXNativeTarget "Hack2025TestUITests" */ = {
			isa = XCConfigurationList;
			buildConfigurations = (
				9098DD112E02F562001FF767 /* Debug */,
				9098DD122E02F562001FF767 /* Release */,
			);
			defaultConfigurationIsVisible = 0;
			defaultConfigurationName = Release;
		};
/* End XCConfigurationList section */
	};
	rootObject = 9098DCD92E02F55C001FF767 /* Project object */;
}
